# This file was autogenerated by Stack.
# You should not edit this file by hand.
# For more information, please see the documentation at:
#   https://docs.haskellstack.org/en/stable/lock_files

packages:
- completed:
    hackage: postgresql-pure-0.1.2.0@sha256:a0bb37ab898c7a3e80b7e55af78ee39f0b63beaeb0e53727ac192aa0e4448a02,11649
    pantry-tree:
      size: 3363
      sha256: 11395fd9af969a6c8c920de16aa9a618517f4ed33c7a385fec8c9b9d585f627c
  original:
    hackage: postgresql-pure-0.1.2.0@sha256:a0bb37ab898c7a3e80b7e55af78ee39f0b63beaeb0e53727ac192aa0e4448a02,11649
- completed:
    hackage: homotuple-0.1.0.0@sha256:2a5e281a66d97ad3706a127922435d6c4f514c73a35b6f6988d4c8945f20c94e,1650
    pantry-tree:
      size: 543
      sha256: 9f22d7e876633514ca584e2412826595acad0330519b46d3ea2b936a08b5989a
  original:
    hackage: homotuple-0.1.0.0@sha256:2a5e281a66d97ad3706a127922435d6c4f514c73a35b6f6988d4c8945f20c94e,1650
- completed:
    hackage: list-tuple-0.1.1.0@sha256:de3758edad345dffec328084203aebb9db5d38cd4832b6e5d44fd15fc9d409a4,2621
    pantry-tree:
      size: 843
      sha256: 47babd10aaa1b1f0c502c2ab0441f3e45d61bbd30007a80b26802b43bbabd5c5
  original:
    hackage: list-tuple-0.1.1.0@sha256:de3758edad345dffec328084203aebb9db5d38cd4832b6e5d44fd15fc9d409a4,2621
- completed:
    hackage: single-tuple-0.1.0.0@sha256:d1c1b4913df2f56f098c144a3eb56fae021f94699db02a7cab6ff57ae2d4b71b,2207
    pantry-tree:
      size: 439
      sha256: 54e63e5f9200ff05c96aee4ec7d443ddaa291367bc2c77fb8f9c31c72942956a
  original:
    hackage: single-tuple-0.1.0.0@sha256:d1c1b4913df2f56f098c144a3eb56fae021f94699db02a7cab6ff57ae2d4b71b,2207
- completed:
    hackage: selda-postgresql-0.1.8.1@sha256:01d39fa862e2495ce01d06a1ec7b75faa91d71783deb8b2cd3d612ef518780cf,1355
    pantry-tree:
      size: 316
      sha256: 1b511527d0ad8cc6b3ac20a1647927cf936ff4ee05df78edec7d34aa525fae00
  original:
    hackage: selda-postgresql-0.1.8.1@sha256:01d39fa862e2495ce01d06a1ec7b75faa91d71783deb8b2cd3d612ef518780cf,1355
- completed:
    hackage: selda-sqlite-0.1.7.1@sha256:61b80d76b777d00471543024da1f3461ba8af4dd9e31a7f1a0ef66becd9d3f06,1196
    pantry-tree:
      size: 301
      sha256: 487bdb432a1a377280e358e4bc739faa004d34c449192fe1ee4e3751529c79f4
  original:
    hackage: selda-sqlite-0.1.7.1@sha256:61b80d76b777d00471543024da1f3461ba8af4dd9e31a7f1a0ef66becd9d3f06,1196
- completed:
    hackage: direct-sqlite-2.3.26@sha256:04e835402f1508abca383182023e4e2b9b86297b8533afbd4e57d1a5652e0c23,3718
    pantry-tree:
      size: 770
      sha256: 11874ab21e10c5b54cd1e02a037b677dc1e2ee9986f38c599612c56654dc01c3
  original:
    hackage: direct-sqlite-2.3.26@sha256:04e835402f1508abca383182023e4e2b9b86297b8533afbd4e57d1a5652e0c23,3718
snapshots:
- completed:
    size: 532380
    url: https://raw.githubusercontent.com/commercialhaskell/stackage-snapshots/master/lts/16/16.yaml
    sha256: d6b004b095fe2a0b8b14fbc30014ee97e58843b9c9362ddb9244273dda62649e
  original: lts-16.16
